
Microsoft Visual Studio Solution File, Format Version 12.00
# Visual Studio Version 17
VisualStudioVersion = 17.5.33424.131
MinimumVisualStudioVersion = 10.0.40219.1
Project("{FAE04EC0-301F-11D3-BF4B-00C04F79EFBC}") = "Homework3", "Homework3.csproj", "{4AF2E589-638B-45B7-B593-C5842EDD42BA}"
EndProject
Global
	GlobalSection(SolutionConfigurationPlatforms) = preSolution
		Debug|Any CPU = Debug|Any CPU
		Release|Any CPU = Release|Any CPU
	EndGlobalSection
	GlobalSection(ProjectConfigurationPlatforms) = postSolution
		{4AF2E589-638B-45B7-B593-C5842EDD42BA}.Debug|Any CPU.ActiveCfg = Debug|Any CPU
		{4AF2E589-638B-45B7-B593-C5842EDD42BA}.Debug|Any CPU.Build.0 = Debug|Any CPU
		{4AF2E589-638B-45B7-B593-C5842EDD42BA}.Release|Any CPU.ActiveCfg = Release|Any CPU
		{4AF2E589-638B-45B7-B593-C5842EDD42BA}.Release|Any CPU.Build.0 = Release|Any CPU
	EndGlobalSection
	GlobalSection(SolutionProperties) = preSolution
		HideSolutionNode = FALSE
	EndGlobalSection
	GlobalSection(ExtensibilityGlobals) = postSolution
		SolutionGuid = {3A0DD654-4841-4476-933D-E0E3C9EF5FD9}
	EndGlobalSection
EndGlobal
